
Microsoft Visual Studio Solution File, Format Version 12.00
# Visual Studio Version 17
VisualStudioVersion = 17.14.36203.30
MinimumVisualStudioVersion = 10.0.40219.1
Project("{FAE04EC0-301F-11D3-BF4B-00C04F79EFBC}") = "CRA-Check", "CRA-Check\CRA-Check.csproj", "{8998AEF6-D90A-4148-BA35-E4609825231D}"
EndProject
Project("{FAE04EC0-301F-11D3-BF4B-00C04F79EFBC}") = "GrypeCLIWrapper", "libs\GrypeCLIWrapper\GrypeCLIWrapper\GrypeCLIWrapper.csproj", "{0AA15068-B595-337A-A733-37C34E851949}"
EndProject
Project("{FAE04EC0-301F-11D3-BF4B-00C04F79EFBC}") = "SyftCLIWrapper", "libs\SyftCLIWrapper\SyftCLIWrapper\SyftCLIWrapper.csproj", "{D6384E49-FA24-4FA9-D533-BF8F280F8BAB}"
EndProject
Global
	GlobalSection(SolutionConfigurationPlatforms) = preSolution
		Debug|Any CPU = Debug|Any CPU
		Release|Any CPU = Release|Any CPU
	EndGlobalSection
	GlobalSection(ProjectConfigurationPlatforms) = postSolution
		{8998AEF6-D90A-4148-BA35-E4609825231D}.Debug|Any CPU.ActiveCfg = Debug|Any CPU
		{8998AEF6-D90A-4148-BA35-E4609825231D}.Debug|Any CPU.Build.0 = Debug|Any CPU
		{8998AEF6-D90A-4148-BA35-E4609825231D}.Release|Any CPU.ActiveCfg = Release|Any CPU
		{8998AEF6-D90A-4148-BA35-E4609825231D}.Release|Any CPU.Build.0 = Release|Any CPU
		{0AA15068-B595-337A-A733-37C34E851949}.Debug|Any CPU.ActiveCfg = Debug|Any CPU
		{0AA15068-B595-337A-A733-37C34E851949}.Debug|Any CPU.Build.0 = Debug|Any CPU
		{0AA15068-B595-337A-A733-37C34E851949}.Release|Any CPU.ActiveCfg = Release|Any CPU
		{0AA15068-B595-337A-A733-37C34E851949}.Release|Any CPU.Build.0 = Release|Any CPU
		{D6384E49-FA24-4FA9-D533-BF8F280F8BAB}.Debug|Any CPU.ActiveCfg = Debug|Any CPU
		{D6384E49-FA24-4FA9-D533-BF8F280F8BAB}.Debug|Any CPU.Build.0 = Debug|Any CPU
		{D6384E49-FA24-4FA9-D533-BF8F280F8BAB}.Release|Any CPU.ActiveCfg = Release|Any CPU
		{D6384E49-FA24-4FA9-D533-BF8F280F8BAB}.Release|Any CPU.Build.0 = Release|Any CPU
	EndGlobalSection
	GlobalSection(SolutionProperties) = preSolution
		HideSolutionNode = FALSE
	EndGlobalSection
	GlobalSection(ExtensibilityGlobals) = postSolution
		SolutionGuid = {611AB958-3CDE-4E71-B763-5C371A517411}
	EndGlobalSection
EndGlobal
